
Microsoft Visual Studio Solution File, Format Version 12.00
# Visual Studio Version 17
VisualStudioVersion = 17.8.34511.84
MinimumVisualStudioVersion = 10.0.40219.1
Project("{FAE04EC0-301F-11D3-BF4B-00C04F79EFBC}") = "BlendoWavTool2", "BlendoWavTool2.csproj", "{C7FEB809-2215-4210-89AB-5514AE3C2C38}"
EndProject
Global
	GlobalSection(SolutionConfigurationPlatforms) = preSolution
		Debug|Any CPU = Debug|Any CPU
		Release|Any CPU = Release|Any CPU
	EndGlobalSection
	GlobalSection(ProjectConfigurationPlatforms) = postSolution
		{C7FEB809-2215-4210-89AB-5514AE3C2C38}.Debug|Any CPU.ActiveCfg = Debug|Any CPU
		{C7FEB809-2215-4210-89AB-5514AE3C2C38}.Debug|Any CPU.Build.0 = Debug|Any CPU
		{C7FEB809-2215-4210-89AB-5514AE3C2C38}.Release|Any CPU.ActiveCfg = Release|Any CPU
		{C7FEB809-2215-4210-89AB-5514AE3C2C38}.Release|Any CPU.Build.0 = Release|Any CPU
	EndGlobalSection
	GlobalSection(SolutionProperties) = preSolution
		HideSolutionNode = FALSE
	EndGlobalSection
	GlobalSection(ExtensibilityGlobals) = postSolution
		SolutionGuid = {E315372B-CF91-4CB6-953D-5057416CD8E4}
	EndGlobalSection
EndGlobal
